
Microsoft Visual Studio Solution File, Format Version 12.00
# Visual Studio 2012
Project("{FAE04EC0-301F-11D3-BF4B-00C04F79EFBC}") = "RandomNumber", "RandomNumber\RandomNumber.csproj", "{9CC5FFEF-0E29-444C-9708-49AC9A5DECE0}"
EndProject
Project("{FAE04EC0-301F-11D3-BF4B-00C04F79EFBC}") = "Hashing", "Hashing\Hashing.csproj", "{B36B052B-3B3B-430A-B905-B569895EE194}"
EndProject
Project("{FAE04EC0-301F-11D3-BF4B-00C04F79EFBC}") = "HMAC", "HMAC\HMAC.csproj", "{43707132-9F94-40B4-A246-A1B73164907C}"
EndProject
Project("{FAE04EC0-301F-11D3-BF4B-00C04F79EFBC}") = "HashPassword", "HashPassword\HashPassword.csproj", "{1FB27F9D-850C-4B78-84CF-8A33C8BA421C}"
EndProject
Project("{FAE04EC0-301F-11D3-BF4B-00C04F79EFBC}") = "PBKDF2", "PBKDF2\PBKDF2.csproj", "{F0501287-D2C6-46BF-969D-507A7B8022D4}"
EndProject
Project("{2150E333-8FDC-42A3-9474-1A3956D46DE8}") = "1 - Random Numbers", "1 - Random Numbers", "{B45B3315-8CFB-41F0-B8EE-8F9AE7274C80}"
EndProject
Project("{2150E333-8FDC-42A3-9474-1A3956D46DE8}") = "2 - Hashing", "2 - Hashing", "{473583FF-2534-44CB-860E-958456FADDBF}"
EndProject
Project("{2150E333-8FDC-42A3-9474-1A3956D46DE8}") = "3 - Encryption", "3 - Encryption", "{C466F6EA-3992-4BA7-9D0D-C26415DD6384}"
EndProject
Project("{2150E333-8FDC-42A3-9474-1A3956D46DE8}") = "4 - Digital Signatures", "4 - Digital Signatures", "{2B54F712-87D5-4C62-8E4D-E50FFBE9D4B8}"
EndProject
Project("{2150E333-8FDC-42A3-9474-1A3956D46DE8}") = "5 - Hybrid Encryption", "5 - Hybrid Encryption", "{D0A5F757-2764-4D39-BD9F-B3406DC80058}"
EndProject
Project("{FAE04EC0-301F-11D3-BF4B-00C04F79EFBC}") = "AES", "AES\AES.csproj", "{7ED0352A-F470-4415-A24A-318A60ABC43E}"
EndProject
Project("{FAE04EC0-301F-11D3-BF4B-00C04F79EFBC}") = "DES", "DES\DES.csproj", "{C7BDD6EF-FC39-4D2E-84BC-1B812D21F14E}"
EndProject
Project("{FAE04EC0-301F-11D3-BF4B-00C04F79EFBC}") = "TripleDES", "TripleDES\TripleDES.csproj", "{7B9F7EC4-AB36-4F2E-AF30-A7CB3251BCB6}"
EndProject
Project("{FAE04EC0-301F-11D3-BF4B-00C04F79EFBC}") = "RSA", "RSA\RSA.csproj", "{E66ACF6F-11E0-4628-A126-F4440C54B291}"
EndProject
Project("{FAE04EC0-301F-11D3-BF4B-00C04F79EFBC}") = "DigitalSignature", "DigitalSignature\DigitalSignature.csproj", "{9040999A-3831-48E2-91E3-0311F024A4C6}"
EndProject
Project("{FAE04EC0-301F-11D3-BF4B-00C04F79EFBC}") = "Hybrid", "Hybrid\Hybrid.csproj", "{C26569B5-024E-4325-B02D-9F1E228D2AC9}"
EndProject
Project("{FAE04EC0-301F-11D3-BF4B-00C04F79EFBC}") = "HybridWithIntegrity", "HybridWithIntegrity\HybridWithIntegrity.csproj", "{17E2CC11-01AC-4588-B87C-AF03B0F267CF}"
EndProject
Project("{FAE04EC0-301F-11D3-BF4B-00C04F79EFBC}") = "HybridWithIntegrityAndSignature", "HybridWithIntegrityAndSignature\HybridWithIntegrityAndSignature.csproj", "{33E6FCC9-42C2-4792-BBEE-8C58F15B3EA0}"
EndProject
Project("{FAE04EC0-301F-11D3-BF4B-00C04F79EFBC}") = "HybridWithIntegrityAndSignatureGCM", "HybridWithIntegrityAndSignatureGCM\HybridWithIntegrityAndSignatureGCM.csproj", "{72EE7EE1-A9F9-4171-9290-A0186E5379F6}"
EndProject
Project("{FAE04EC0-301F-11D3-BF4B-00C04F79EFBC}") = "ProtectedDataExample", "ProtectedDataExample\ProtectedDataExample.csproj", "{430F6A50-8DC5-4F26-90DC-DA1631F4D749}"
EndProject
Global
	GlobalSection(SolutionConfigurationPlatforms) = preSolution
		Debug|Any CPU = Debug|Any CPU
		Release|Any CPU = Release|Any CPU
	EndGlobalSection
	GlobalSection(ProjectConfigurationPlatforms) = postSolution
		{9CC5FFEF-0E29-444C-9708-49AC9A5DECE0}.Debug|Any CPU.ActiveCfg = Debug|Any CPU
		{9CC5FFEF-0E29-444C-9708-49AC9A5DECE0}.Debug|Any CPU.Build.0 = Debug|Any CPU
		{9CC5FFEF-0E29-444C-9708-49AC9A5DECE0}.Release|Any CPU.ActiveCfg = Release|Any CPU
		{9CC5FFEF-0E29-444C-9708-49AC9A5DECE0}.Release|Any CPU.Build.0 = Release|Any CPU
		{B36B052B-3B3B-430A-B905-B569895EE194}.Debug|Any CPU.ActiveCfg = Debug|Any CPU
		{B36B052B-3B3B-430A-B905-B569895EE194}.Debug|Any CPU.Build.0 = Debug|Any CPU
		{B36B052B-3B3B-430A-B905-B569895EE194}.Release|Any CPU.ActiveCfg = Release|Any CPU
		{B36B052B-3B3B-430A-B905-B569895EE194}.Release|Any CPU.Build.0 = Release|Any CPU
		{43707132-9F94-40B4-A246-A1B73164907C}.Debug|Any CPU.ActiveCfg = Debug|Any CPU
		{43707132-9F94-40B4-A246-A1B73164907C}.Debug|Any CPU.Build.0 = Debug|Any CPU
		{43707132-9F94-40B4-A246-A1B73164907C}.Release|Any CPU.ActiveCfg = Release|Any CPU
		{43707132-9F94-40B4-A246-A1B73164907C}.Release|Any CPU.Build.0 = Release|Any CPU
		{1FB27F9D-850C-4B78-84CF-8A33C8BA421C}.Debug|Any CPU.ActiveCfg = Debug|Any CPU
		{1FB27F9D-850C-4B78-84CF-8A33C8BA421C}.Debug|Any CPU.Build.0 = Debug|Any CPU
		{1FB27F9D-850C-4B78-84CF-8A33C8BA421C}.Release|Any CPU.ActiveCfg = Release|Any CPU
		{1FB27F9D-850C-4B78-84CF-8A33C8BA421C}.Release|Any CPU.Build.0 = Release|Any CPU
		{F0501287-D2C6-46BF-969D-507A7B8022D4}.Debug|Any CPU.ActiveCfg = Debug|Any CPU
		{F0501287-D2C6-46BF-969D-507A7B8022D4}.Debug|Any CPU.Build.0 = Debug|Any CPU
		{F0501287-D2C6-46BF-969D-507A7B8022D4}.Release|Any CPU.ActiveCfg = Release|Any CPU
		{F0501287-D2C6-46BF-969D-507A7B8022D4}.Release|Any CPU.Build.0 = Release|Any CPU
		{7ED0352A-F470-4415-A24A-318A60ABC43E}.Debug|Any CPU.ActiveCfg = Debug|Any CPU
		{7ED0352A-F470-4415-A24A-318A60ABC43E}.Debug|Any CPU.Build.0 = Debug|Any CPU
		{7ED0352A-F470-4415-A24A-318A60ABC43E}.Release|Any CPU.ActiveCfg = Release|Any CPU
		{7ED0352A-F470-4415-A24A-318A60ABC43E}.Release|Any CPU.Build.0 = Release|Any CPU
		{C7BDD6EF-FC39-4D2E-84BC-1B812D21F14E}.Debug|Any CPU.ActiveCfg = Debug|Any CPU
		{C7BDD6EF-FC39-4D2E-84BC-1B812D21F14E}.Debug|Any CPU.Build.0 = Debug|Any CPU
		{C7BDD6EF-FC39-4D2E-84BC-1B812D21F14E}.Release|Any CPU.ActiveCfg = Release|Any CPU
		{C7BDD6EF-FC39-4D2E-84BC-1B812D21F14E}.Release|Any CPU.Build.0 = Release|Any CPU
		{7B9F7EC4-AB36-4F2E-AF30-A7CB3251BCB6}.Debug|Any CPU.ActiveCfg = Debug|Any CPU
		{7B9F7EC4-AB36-4F2E-AF30-A7CB3251BCB6}.Debug|Any CPU.Build.0 = Debug|Any CPU
		{7B9F7EC4-AB36-4F2E-AF30-A7CB3251BCB6}.Release|Any CPU.ActiveCfg = Release|Any CPU
		{7B9F7EC4-AB36-4F2E-AF30-A7CB3251BCB6}.Release|Any CPU.Build.0 = Release|Any CPU
		{E66ACF6F-11E0-4628-A126-F4440C54B291}.Debug|Any CPU.ActiveCfg = Debug|Any CPU
		{E66ACF6F-11E0-4628-A126-F4440C54B291}.Debug|Any CPU.Build.0 = Debug|Any CPU
		{E66ACF6F-11E0-4628-A126-F4440C54B291}.Release|Any CPU.ActiveCfg = Release|Any CPU
		{E66ACF6F-11E0-4628-A126-F4440C54B291}.Release|Any CPU.Build.0 = Release|Any CPU
		{9040999A-3831-48E2-91E3-0311F024A4C6}.Debug|Any CPU.ActiveCfg = Debug|Any CPU
		{9040999A-3831-48E2-91E3-0311F024A4C6}.Debug|Any CPU.Build.0 = Debug|Any CPU
		{9040999A-3831-48E2-91E3-0311F024A4C6}.Release|Any CPU.ActiveCfg = Release|Any CPU
		{9040999A-3831-48E2-91E3-0311F024A4C6}.Release|Any CPU.Build.0 = Release|Any CPU
		{C26569B5-024E-4325-B02D-9F1E228D2AC9}.Debug|Any CPU.ActiveCfg = Debug|Any CPU
		{C26569B5-024E-4325-B02D-9F1E228D2AC9}.Debug|Any CPU.Build.0 = Debug|Any CPU
		{C26569B5-024E-4325-B02D-9F1E228D2AC9}.Release|Any CPU.ActiveCfg = Release|Any CPU
		{C26569B5-024E-4325-B02D-9F1E228D2AC9}.Release|Any CPU.Build.0 = Release|Any CPU
		{17E2CC11-01AC-4588-B87C-AF03B0F267CF}.Debug|Any CPU.ActiveCfg = Debug|Any CPU
		{17E2CC11-01AC-4588-B87C-AF03B0F267CF}.Debug|Any CPU.Build.0 = Debug|Any CPU
		{17E2CC11-01AC-4588-B87C-AF03B0F267CF}.Release|Any CPU.ActiveCfg = Release|Any CPU
		{17E2CC11-01AC-4588-B87C-AF03B0F267CF}.Release|Any CPU.Build.0 = Release|Any CPU
		{33E6FCC9-42C2-4792-BBEE-8C58F15B3EA0}.Debug|Any CPU.ActiveCfg = Debug|Any CPU
		{33E6FCC9-42C2-4792-BBEE-8C58F15B3EA0}.Debug|Any CPU.Build.0 = Debug|Any CPU
		{33E6FCC9-42C2-4792-BBEE-8C58F15B3EA0}.Release|Any CPU.ActiveCfg = Release|Any CPU
		{33E6FCC9-42C2-4792-BBEE-8C58F15B3EA0}.Release|Any CPU.Build.0 = Release|Any CPU
		{72EE7EE1-A9F9-4171-9290-A0186E5379F6}.Debug|Any CPU.ActiveCfg = Debug|Any CPU
		{72EE7EE1-A9F9-4171-9290-A0186E5379F6}.Debug|Any CPU.Build.0 = Debug|Any CPU
		{72EE7EE1-A9F9-4171-9290-A0186E5379F6}.Release|Any CPU.ActiveCfg = Release|Any CPU
		{72EE7EE1-A9F9-4171-9290-A0186E5379F6}.Release|Any CPU.Build.0 = Release|Any CPU
		{430F6A50-8DC5-4F26-90DC-DA1631F4D749}.Debug|Any CPU.ActiveCfg = Debug|Any CPU
		{430F6A50-8DC5-4F26-90DC-DA1631F4D749}.Debug|Any CPU.Build.0 = Debug|Any CPU
		{430F6A50-8DC5-4F26-90DC-DA1631F4D749}.Release|Any CPU.ActiveCfg = Release|Any CPU
		{430F6A50-8DC5-4F26-90DC-DA1631F4D749}.Release|Any CPU.Build.0 = Release|Any CPU
	EndGlobalSection
	GlobalSection(NestedProjects) = preSolution
		{9CC5FFEF-0E29-444C-9708-49AC9A5DECE0} = {B45B3315-8CFB-41F0-B8EE-8F9AE7274C80}
		{B36B052B-3B3B-430A-B905-B569895EE194} = {473583FF-2534-44CB-860E-958456FADDBF}
		{1FB27F9D-850C-4B78-84CF-8A33C8BA421C} = {473583FF-2534-44CB-860E-958456FADDBF}
		{43707132-9F94-40B4-A246-A1B73164907C} = {473583FF-2534-44CB-860E-958456FADDBF}
		{F0501287-D2C6-46BF-969D-507A7B8022D4} = {473583FF-2534-44CB-860E-958456FADDBF}
		{7ED0352A-F470-4415-A24A-318A60ABC43E} = {C466F6EA-3992-4BA7-9D0D-C26415DD6384}
		{C7BDD6EF-FC39-4D2E-84BC-1B812D21F14E} = {C466F6EA-3992-4BA7-9D0D-C26415DD6384}
		{7B9F7EC4-AB36-4F2E-AF30-A7CB3251BCB6} = {C466F6EA-3992-4BA7-9D0D-C26415DD6384}
		{E66ACF6F-11E0-4628-A126-F4440C54B291} = {C466F6EA-3992-4BA7-9D0D-C26415DD6384}
		{9040999A-3831-48E2-91E3-0311F024A4C6} = {2B54F712-87D5-4C62-8E4D-E50FFBE9D4B8}
		{C26569B5-024E-4325-B02D-9F1E228D2AC9} = {D0A5F757-2764-4D39-BD9F-B3406DC80058}
		{17E2CC11-01AC-4588-B87C-AF03B0F267CF} = {D0A5F757-2764-4D39-BD9F-B3406DC80058}
		{33E6FCC9-42C2-4792-BBEE-8C58F15B3EA0} = {D0A5F757-2764-4D39-BD9F-B3406DC80058}
		{72EE7EE1-A9F9-4171-9290-A0186E5379F6} = {D0A5F757-2764-4D39-BD9F-B3406DC80058}
		{430F6A50-8DC5-4F26-90DC-DA1631F4D749} = {C466F6EA-3992-4BA7-9D0D-C26415DD6384}
	EndGlobalSection
EndGlobal
